
Microsoft Visual Studio Solution File, Format Version 12.00
# Visual Studio 14
VisualStudioVersion = 14.0.25420.1
MinimumVisualStudioVersion = 10.0.40219.1
Project("{FAE04EC0-301F-11D3-BF4B-00C04F79EFBC}") = "WebApplicationMVC", "WebApplicationMVC\WebApplicationMVC.csproj", "{D63DC730-6000-4CE6-BDAA-8B805363C57B}"
EndProject
Project("{FAE04EC0-301F-11D3-BF4B-00C04F79EFBC}") = "WebApplicationAPI", "WebApplicationAPI\WebApplicationAPI.csproj", "{B7BC1EFE-6CDA-49FE-BD03-04DF97D84272}"
EndProject
Project("{FAE04EC0-301F-11D3-BF4B-00C04F79EFBC}") = "IdentityCore", "IdentityCore\IdentityCore.csproj", "{7FF8502E-905A-48E5-8557-F0D3AA326AC5}"
EndProject
Project("{FAE04EC0-301F-11D3-BF4B-00C04F79EFBC}") = "WebApplicationAuth", "WebApplicationAuth\WebApplicationAuth.csproj", "{C081AC0D-2983-45B6-985A-51BCEEA84AAE}"
EndProject
Global
	GlobalSection(SolutionConfigurationPlatforms) = preSolution
		Debug|Any CPU = Debug|Any CPU
		Release|Any CPU = Release|Any CPU
	EndGlobalSection
	GlobalSection(ProjectConfigurationPlatforms) = postSolution
		{D63DC730-6000-4CE6-BDAA-8B805363C57B}.Debug|Any CPU.ActiveCfg = Debug|Any CPU
		{D63DC730-6000-4CE6-BDAA-8B805363C57B}.Debug|Any CPU.Build.0 = Debug|Any CPU
		{D63DC730-6000-4CE6-BDAA-8B805363C57B}.Release|Any CPU.ActiveCfg = Release|Any CPU
		{D63DC730-6000-4CE6-BDAA-8B805363C57B}.Release|Any CPU.Build.0 = Release|Any CPU
		{B7BC1EFE-6CDA-49FE-BD03-04DF97D84272}.Debug|Any CPU.ActiveCfg = Debug|Any CPU
		{B7BC1EFE-6CDA-49FE-BD03-04DF97D84272}.Debug|Any CPU.Build.0 = Debug|Any CPU
		{B7BC1EFE-6CDA-49FE-BD03-04DF97D84272}.Release|Any CPU.ActiveCfg = Release|Any CPU
		{B7BC1EFE-6CDA-49FE-BD03-04DF97D84272}.Release|Any CPU.Build.0 = Release|Any CPU
		{7FF8502E-905A-48E5-8557-F0D3AA326AC5}.Debug|Any CPU.ActiveCfg = Debug|Any CPU
		{7FF8502E-905A-48E5-8557-F0D3AA326AC5}.Debug|Any CPU.Build.0 = Debug|Any CPU
		{7FF8502E-905A-48E5-8557-F0D3AA326AC5}.Release|Any CPU.ActiveCfg = Release|Any CPU
		{7FF8502E-905A-48E5-8557-F0D3AA326AC5}.Release|Any CPU.Build.0 = Release|Any CPU
		{C081AC0D-2983-45B6-985A-51BCEEA84AAE}.Debug|Any CPU.ActiveCfg = Debug|Any CPU
		{C081AC0D-2983-45B6-985A-51BCEEA84AAE}.Debug|Any CPU.Build.0 = Debug|Any CPU
		{C081AC0D-2983-45B6-985A-51BCEEA84AAE}.Release|Any CPU.ActiveCfg = Release|Any CPU
		{C081AC0D-2983-45B6-985A-51BCEEA84AAE}.Release|Any CPU.Build.0 = Release|Any CPU
	EndGlobalSection
	GlobalSection(SolutionProperties) = preSolution
		HideSolutionNode = FALSE
	EndGlobalSection
EndGlobal
